
Microsoft Visual Studio Solution File, Format Version 12.00
# Visual Studio 14
VisualStudioVersion = 14.0.25420.1
MinimumVisualStudioVersion = 10.0.40219.1
Project("{FAE04EC0-301F-11D3-BF4B-00C04F79EFBC}") = "Aspogne", "Aspogne\Aspogne.csproj", "{51B2A59D-9E4C-410E-A2B6-16C5BD2A71D5}"
EndProject
Global
	GlobalSection(SolutionConfigurationPlatforms) = preSolution
		Debug|Any CPU = Debug|Any CPU
		Debug|x64 = Debug|x64
		Release|Any CPU = Release|Any CPU
		Release|x64 = Release|x64
	EndGlobalSection
	GlobalSection(ProjectConfigurationPlatforms) = postSolution
		{51B2A59D-9E4C-410E-A2B6-16C5BD2A71D5}.Debug|Any CPU.ActiveCfg = Debug|Any CPU
		{51B2A59D-9E4C-410E-A2B6-16C5BD2A71D5}.Debug|Any CPU.Build.0 = Debug|Any CPU
		{51B2A59D-9E4C-410E-A2B6-16C5BD2A71D5}.Debug|x64.ActiveCfg = Debug|x64
		{51B2A59D-9E4C-410E-A2B6-16C5BD2A71D5}.Debug|x64.Build.0 = Debug|x64
		{51B2A59D-9E4C-410E-A2B6-16C5BD2A71D5}.Release|Any CPU.ActiveCfg = Release|Any CPU
		{51B2A59D-9E4C-410E-A2B6-16C5BD2A71D5}.Release|Any CPU.Build.0 = Release|Any CPU
		{51B2A59D-9E4C-410E-A2B6-16C5BD2A71D5}.Release|x64.ActiveCfg = Release|x64
		{51B2A59D-9E4C-410E-A2B6-16C5BD2A71D5}.Release|x64.Build.0 = Release|x64
	EndGlobalSection
	GlobalSection(SolutionProperties) = preSolution
		HideSolutionNode = FALSE
	EndGlobalSection
EndGlobal
